<Solution>
  <Project Path="Another_Tester/Another_Tester.csproj" Id="af0f0485-79c9-4438-8176-57bb7b46f846" />
  <Project Path="Complement_Queue/Complement_Queue.csproj" Id="e924e9a4-ae15-44d2-9c48-9cd41769d373" />
  <Project Path="Dafna/Dafna.csproj" Id="4691cb46-bac1-46b7-a7fd-f0c0eed276df" />
  <Project Path="PETEL_MainTester_V2/PETEL_MainTester_V2.csproj" />
  <Project Path="PETEL_Runner_V2/PETEL_Runner_V2.csproj" />
  <Project Path="PETEL_V2_Core/PETEL_V2_Core.csproj" />
</Solution>
